
Microsoft Visual Studio Solution File, Format Version 12.00
# Visual Studio Version 17
VisualStudioVersion = 17.0.31903.59
MinimumVisualStudioVersion = 10.0.40219.1
Project("{FAE04EC0-301F-11D3-BF4B-00C04F79EFBC}") = "workshop.calculator", "workshop.calculator\workshop.calculator.csproj", "{183C4827-3D41-4E56-B6DC-6D19B33CE80F}"
EndProject
Project("{FAE04EC0-301F-11D3-BF4B-00C04F79EFBC}") = "workshop.tests", "workshop.tests\workshop.tests.csproj", "{4282DC15-A45E-4691-B8AE-40AAF95D5D00}"
EndProject
Global
	GlobalSection(SolutionConfigurationPlatforms) = preSolution
		Debug|Any CPU = Debug|Any CPU
		Debug|x64 = Debug|x64
		Debug|x86 = Debug|x86
		Release|Any CPU = Release|Any CPU
		Release|x64 = Release|x64
		Release|x86 = Release|x86
	EndGlobalSection
	GlobalSection(ProjectConfigurationPlatforms) = postSolution
		{183C4827-3D41-4E56-B6DC-6D19B33CE80F}.Debug|Any CPU.ActiveCfg = Debug|Any CPU
		{183C4827-3D41-4E56-B6DC-6D19B33CE80F}.Debug|Any CPU.Build.0 = Debug|Any CPU
		{183C4827-3D41-4E56-B6DC-6D19B33CE80F}.Debug|x64.ActiveCfg = Debug|Any CPU
		{183C4827-3D41-4E56-B6DC-6D19B33CE80F}.Debug|x64.Build.0 = Debug|Any CPU
		{183C4827-3D41-4E56-B6DC-6D19B33CE80F}.Debug|x86.ActiveCfg = Debug|Any CPU
		{183C4827-3D41-4E56-B6DC-6D19B33CE80F}.Debug|x86.Build.0 = Debug|Any CPU
		{183C4827-3D41-4E56-B6DC-6D19B33CE80F}.Release|Any CPU.ActiveCfg = Release|Any CPU
		{183C4827-3D41-4E56-B6DC-6D19B33CE80F}.Release|Any CPU.Build.0 = Release|Any CPU
		{183C4827-3D41-4E56-B6DC-6D19B33CE80F}.Release|x64.ActiveCfg = Release|Any CPU
		{183C4827-3D41-4E56-B6DC-6D19B33CE80F}.Release|x64.Build.0 = Release|Any CPU
		{183C4827-3D41-4E56-B6DC-6D19B33CE80F}.Release|x86.ActiveCfg = Release|Any CPU
		{183C4827-3D41-4E56-B6DC-6D19B33CE80F}.Release|x86.Build.0 = Release|Any CPU
		{4282DC15-A45E-4691-B8AE-40AAF95D5D00}.Debug|Any CPU.ActiveCfg = Debug|Any CPU
		{4282DC15-A45E-4691-B8AE-40AAF95D5D00}.Debug|Any CPU.Build.0 = Debug|Any CPU
		{4282DC15-A45E-4691-B8AE-40AAF95D5D00}.Debug|x64.ActiveCfg = Debug|Any CPU
		{4282DC15-A45E-4691-B8AE-40AAF95D5D00}.Debug|x64.Build.0 = Debug|Any CPU
		{4282DC15-A45E-4691-B8AE-40AAF95D5D00}.Debug|x86.ActiveCfg = Debug|Any CPU
		{4282DC15-A45E-4691-B8AE-40AAF95D5D00}.Debug|x86.Build.0 = Debug|Any CPU
		{4282DC15-A45E-4691-B8AE-40AAF95D5D00}.Release|Any CPU.ActiveCfg = Release|Any CPU
		{4282DC15-A45E-4691-B8AE-40AAF95D5D00}.Release|Any CPU.Build.0 = Release|Any CPU
		{4282DC15-A45E-4691-B8AE-40AAF95D5D00}.Release|x64.ActiveCfg = Release|Any CPU
		{4282DC15-A45E-4691-B8AE-40AAF95D5D00}.Release|x64.Build.0 = Release|Any CPU
		{4282DC15-A45E-4691-B8AE-40AAF95D5D00}.Release|x86.ActiveCfg = Release|Any CPU
		{4282DC15-A45E-4691-B8AE-40AAF95D5D00}.Release|x86.Build.0 = Release|Any CPU
	EndGlobalSection
	GlobalSection(SolutionProperties) = preSolution
		HideSolutionNode = FALSE
	EndGlobalSection
EndGlobal
